// !$*UTF8*$!
{
	archiveVersion = 1;
	classes = {
	};
	objectVersion = 46;
	objects = {

/* Begin PBXBuildFile section */
		193D8E292453E9ED004E0AC7 /* main.cpp in Sources */ = {isa = PBXBuildFile; fileRef = 193D8E272453E9ED004E0AC7 /* main.cpp */; };
		193D8E2D2453EA21004E0AC7 /* Bridge.cpp in Sources */ = {isa = PBXBuildFile; fileRef = 193D8E2B2453EA21004E0AC7 /* Bridge.cpp */; };
		193D8E312453EA46004E0AC7 /* CorsairWrapper.cpp in Sources */ = {isa = PBXBuildFile; fileRef = 193D8E2F2453EA46004E0AC7 /* CorsairWrapper.cpp */; };
		193D8E362453EB11004E0AC7 /* CUESDK.framework in Frameworks */ = {isa = PBXBuildFile; fileRef = 193D8E352453EB11004E0AC7 /* CUESDK.framework */; };
		193D8E372453EC7D004E0AC7 /* CUESDK.framework in Frameworks */ = {isa = PBXBuildFile; fileRef = 193D8E352453EB11004E0AC7 /* CUESDK.framework */; };
		193D8E382453EC7D004E0AC7 /* CUESDK.framework in Embed Frameworks */ = {isa = PBXBuildFile; fileRef = 193D8E352453EB11004E0AC7 /* CUESDK.framework */; settings = {ATTRIBUTES = (CodeSignOnCopy, RemoveHeadersOnCopy, ); }; };
/* End PBXBuildFile section */

/* Begin PBXCopyFilesBuildPhase section */
		193D8E392453EC7D004E0AC7 /* Embed Frameworks */ = {
			isa = PBXCopyFilesBuildPhase;
			buildActionMask = 2147483647;
			dstPath = "";
			dstSubfolderSpec = 10;
			files = (
				193D8E382453EC7D004E0AC7 /* CUESDK.framework in Embed Frameworks */,
			);
			name = "Embed Frameworks";
			runOnlyForDeploymentPostprocessing = 0;
		};
/* End PBXCopyFilesBuildPhase section */

/* Begin PBXFileReference section */
		193D8E272453E9ED004E0AC7 /* main.cpp */ = {isa = PBXFileReference; lastKnownFileType = sourcecode.cpp.cpp; path = main.cpp; sourceTree = "<group>"; };
		193D8E2B2453EA21004E0AC7 /* Bridge.cpp */ = {isa = PBXFileReference; lastKnownFileType = sourcecode.cpp.cpp; path = Bridge.cpp; sourceTree = "<group>"; };
		193D8E2C2453EA21004E0AC7 /* Bridge.hpp */ = {isa = PBXFileReference; lastKnownFileType = sourcecode.cpp.h; path = Bridge.hpp; sourceTree = "<group>"; };
		193D8E2F2453EA46004E0AC7 /* CorsairWrapper.cpp */ = {isa = PBXFileReference; lastKnownFileType = sourcecode.cpp.cpp; path = CorsairWrapper.cpp; sourceTree = "<group>"; };
		193D8E302453EA46004E0AC7 /* CorsairWrapper.hpp */ = {isa = PBXFileReference; lastKnownFileType = sourcecode.cpp.h; path = CorsairWrapper.hpp; sourceTree = "<group>"; };
		193D8E322453EA63004E0AC7 /* RGBColor.hpp */ = {isa = PBXFileReference; lastKnownFileType = sourcecode.cpp.h; path = RGBColor.hpp; sourceTree = "<group>"; };
		193D8E352453EB11004E0AC7 /* CUESDK.framework */ = {isa = PBXFileReference; lastKnownFileType = wrapper.framework; name = CUESDK.framework; path = AllPheriperalsCPP/Wrappers/CUESDK.framework; sourceTree = "<group>"; };
		E7A232C11DC3802F0040C0B9 /* AllPheriperalsCPP */ = {isa = PBXFileReference; explicitFileType = "compiled.mach-o.executable"; includeInIndex = 0; path = AllPheriperalsCPP; sourceTree = BUILT_PRODUCTS_DIR; };
		E7A232CC1DC3803A0040C0B9 /* CUESDK.framework */ = {isa = PBXFileReference; lastKnownFileType = wrapper.framework; name = CUESDK.framework; path = ../../CUESDK.framework; sourceTree = "<group>"; };
/* End PBXFileReference section */

/* Begin PBXFrameworksBuildPhase section */
		E7A232BE1DC3802F0040C0B9 /* Frameworks */ = {
			isa = PBXFrameworksBuildPhase;
			buildActionMask = 2147483647;
			files = (
				193D8E362453EB11004E0AC7 /* CUESDK.framework in Frameworks */,
				193D8E372453EC7D004E0AC7 /* CUESDK.framework in Frameworks */,
			);
			runOnlyForDeploymentPostprocessing = 0;
		};
/* End PBXFrameworksBuildPhase section */

/* Begin PBXGroup section */
		193D8E2A2453EA0D004E0AC7 /* Networks */ = {
			isa = PBXGroup;
			children = (
				193D8E2B2453EA21004E0AC7 /* Bridge.cpp */,
				193D8E2C2453EA21004E0AC7 /* Bridge.hpp */,
			);
			path = Networks;
			sourceTree = "<group>";
		};
		193D8E2E2453EA37004E0AC7 /* Wrappers */ = {
			isa = PBXGroup;
			children = (
				193D8E2F2453EA46004E0AC7 /* CorsairWrapper.cpp */,
				193D8E302453EA46004E0AC7 /* CorsairWrapper.hpp */,
			);
			path = Wrappers;
			sourceTree = "<group>";
		};
		E7A232B81DC3802F0040C0B9 = {
			isa = PBXGroup;
			children = (
				193D8E352453EB11004E0AC7 /* CUESDK.framework */,
				E7A232C31DC3802F0040C0B9 /* AllPheriperalsCPP */,
				E7A232C21DC3802F0040C0B9 /* Products */,
				E7A232CB1DC380390040C0B9 /* Frameworks */,
			);
			sourceTree = "<group>";
		};
		E7A232C21DC3802F0040C0B9 /* Products */ = {
			isa = PBXGroup;
			children = (
				E7A232C11DC3802F0040C0B9 /* AllPheriperalsCPP */,
			);
			name = Products;
			sourceTree = "<group>";
		};
		E7A232C31DC3802F0040C0B9 /* AllPheriperalsCPP */ = {
			isa = PBXGroup;
			children = (
				193D8E2E2453EA37004E0AC7 /* Wrappers */,
				193D8E2A2453EA0D004E0AC7 /* Networks */,
				193D8E272453E9ED004E0AC7 /* main.cpp */,
				193D8E322453EA63004E0AC7 /* RGBColor.hpp */,
			);
			path = AllPheriperalsCPP;
			sourceTree = "<group>";
		};
		E7A232CB1DC380390040C0B9 /* Frameworks */ = {
			isa = PBXGroup;
			children = (
				E7A232CC1DC3803A0040C0B9 /* CUESDK.framework */,
			);
			name = Frameworks;
			sourceTree = "<group>";
		};
/* End PBXGroup section */

/* Begin PBXNativeTarget section */
		E7A232C01DC3802F0040C0B9 /* AllPheriperalsCPP */ = {
			isa = PBXNativeTarget;
			buildConfigurationList = E7A232C81DC3802F0040C0B9 /* Build configuration list for PBXNativeTarget "AllPheriperalsCPP" */;
			buildPhases = (
				E7A232BD1DC3802F0040C0B9 /* Sources */,
				E7A232BE1DC3802F0040C0B9 /* Frameworks */,
				193D8E392453EC7D004E0AC7 /* Embed Frameworks */,
			);
			buildRules = (
			);
			dependencies = (
			);
			name = AllPheriperalsCPP;
			productName = color_pulse;
			productReference = E7A232C11DC3802F0040C0B9 /* AllPheriperalsCPP */;
			productType = "com.apple.product-type.tool";
		};
/* End PBXNativeTarget section */

/* Begin PBXProject section */
		E7A232B91DC3802F0040C0B9 /* Project object */ = {
			isa = PBXProject;
			attributes = {
				LastUpgradeCheck = 0800;
				ORGANIZATIONNAME = "Corsair Memory, Inc.";
				TargetAttributes = {
					E7A232C01DC3802F0040C0B9 = {
						CreatedOnToolsVersion = 8.0;
						ProvisioningStyle = Automatic;
					};
				};
			};
			buildConfigurationList = E7A232BC1DC3802F0040C0B9 /* Build configuration list for PBXProject "AllPheriperalsCPP" */;
			compatibilityVersion = "Xcode 3.2";
			developmentRegion = English;
			hasScannedForEncodings = 0;
			knownRegions = (
				English,
				en,
			);
			mainGroup = E7A232B81DC3802F0040C0B9;
			productRefGroup = E7A232C21DC3802F0040C0B9 /* Products */;
			projectDirPath = "";
			projectRoot = "";
			targets = (
				E7A232C01DC3802F0040C0B9 /* AllPheriperalsCPP */,
			);
		};
/* End PBXProject section */

/* Begin PBXSourcesBuildPhase section */
		E7A232BD1DC3802F0040C0B9 /* Sources */ = {
			isa = PBXSourcesBuildPhase;
			buildActionMask = 2147483647;
			files = (
				193D8E312453EA46004E0AC7 /* CorsairWrapper.cpp in Sources */,
				193D8E2D2453EA21004E0AC7 /* Bridge.cpp in Sources */,
				193D8E292453E9ED004E0AC7 /* main.cpp in Sources */,
			);
			runOnlyForDeploymentPostprocessing = 0;
		};
/* End PBXSourcesBuildPhase section */

/* Begin XCBuildConfiguration section */
		E7A232C61DC3802F0040C0B9 /* Debug */ = {
			isa = XCBuildConfiguration;
			buildSettings = {
				ALWAYS_SEARCH_USER_PATHS = NO;
				CLANG_ANALYZER_NONNULL = YES;
				CLANG_CXX_LANGUAGE_STANDARD = "gnu++0x";
				CLANG_CXX_LIBRARY = "libc++";
				CLANG_ENABLE_MODULES = YES;
				CLANG_ENABLE_OBJC_ARC = YES;
				CLANG_WARN_BOOL_CONVERSION = YES;
				CLANG_WARN_CONSTANT_CONVERSION = YES;
				CLANG_WARN_DIRECT_OBJC_ISA_USAGE = YES_ERROR;
				CLANG_WARN_DOCUMENTATION_COMMENTS = YES;
				CLANG_WARN_EMPTY_BODY = YES;
				CLANG_WARN_ENUM_CONVERSION = YES;
				CLANG_WARN_INFINITE_RECURSION = YES;
				CLANG_WARN_INT_CONVERSION = YES;
				CLANG_WARN_OBJC_ROOT_CLASS = YES_ERROR;
				CLANG_WARN_SUSPICIOUS_MOVES = YES;
				CLANG_WARN_UNREACHABLE_CODE = YES;
				CLANG_WARN__DUPLICATE_METHOD_MATCH = YES;
				CODE_SIGN_IDENTITY = "-";
				COPY_PHASE_STRIP = NO;
				DEBUG_INFORMATION_FORMAT = dwarf;
				ENABLE_STRICT_OBJC_MSGSEND = YES;
				ENABLE_TESTABILITY = YES;
				FRAMEWORK_SEARCH_PATHS = "${PROJECT_DIR}/../..";
				GCC_C_LANGUAGE_STANDARD = gnu99;
				GCC_DYNAMIC_NO_PIC = NO;
				GCC_NO_COMMON_BLOCKS = YES;
				GCC_OPTIMIZATION_LEVEL = 0;
				GCC_PREPROCESSOR_DEFINITIONS = (
					"DEBUG=1",
					"$(inherited)",
				);
				GCC_WARN_64_TO_32_BIT_CONVERSION = YES;
				GCC_WARN_ABOUT_RETURN_TYPE = YES_ERROR;
				GCC_WARN_UNDECLARED_SELECTOR = YES;
				GCC_WARN_UNINITIALIZED_AUTOS = YES_AGGRESSIVE;
				GCC_WARN_UNUSED_FUNCTION = YES;
				GCC_WARN_UNUSED_VARIABLE = YES;
				LD_RUNPATH_SEARCH_PATHS = "";
				MACOSX_DEPLOYMENT_TARGET = 10.11;
				MTL_ENABLE_DEBUG_INFO = YES;
				ONLY_ACTIVE_ARCH = YES;
				SDKROOT = macosx;
			};
			name = Debug;
		};
		E7A232C71DC3802F0040C0B9 /* Release */ = {
			isa = XCBuildConfiguration;
			buildSettings = {
				ALWAYS_SEARCH_USER_PATHS = NO;
				CLANG_ANALYZER_NONNULL = YES;
				CLANG_CXX_LANGUAGE_STANDARD = "gnu++0x";
				CLANG_CXX_LIBRARY = "libc++";
				CLANG_ENABLE_MODULES = YES;
				CLANG_ENABLE_OBJC_ARC = YES;
				CLANG_WARN_BOOL_CONVERSION = YES;
				CLANG_WARN_CONSTANT_CONVERSION = YES;
				CLANG_WARN_DIRECT_OBJC_ISA_USAGE = YES_ERROR;
				CLANG_WARN_DOCUMENTATION_COMMENTS = YES;
				CLANG_WARN_EMPTY_BODY = YES;
				CLANG_WARN_ENUM_CONVERSION = YES;
				CLANG_WARN_INFINITE_RECURSION = YES;
				CLANG_WARN_INT_CONVERSION = YES;
				CLANG_WARN_OBJC_ROOT_CLASS = YES_ERROR;
				CLANG_WARN_SUSPICIOUS_MOVES = YES;
				CLANG_WARN_UNREACHABLE_CODE = YES;
				CLANG_WARN__DUPLICATE_METHOD_MATCH = YES;
				CODE_SIGN_IDENTITY = "-";
				COPY_PHASE_STRIP = NO;
				DEBUG_INFORMATION_FORMAT = "dwarf-with-dsym";
				ENABLE_NS_ASSERTIONS = NO;
				ENABLE_STRICT_OBJC_MSGSEND = YES;
				FRAMEWORK_SEARCH_PATHS = "${PROJECT_DIR}/../..";
				GCC_C_LANGUAGE_STANDARD = gnu99;
				GCC_NO_COMMON_BLOCKS = YES;
				GCC_WARN_64_TO_32_BIT_CONVERSION = YES;
				GCC_WARN_ABOUT_RETURN_TYPE = YES_ERROR;
				GCC_WARN_UNDECLARED_SELECTOR = YES;
				GCC_WARN_UNINITIALIZED_AUTOS = YES_AGGRESSIVE;
				GCC_WARN_UNUSED_FUNCTION = YES;
				GCC_WARN_UNUSED_VARIABLE = YES;
				LD_RUNPATH_SEARCH_PATHS = "";
				MACOSX_DEPLOYMENT_TARGET = 10.11;
				MTL_ENABLE_DEBUG_INFO = NO;
				SDKROOT = macosx;
			};
			name = Release;
		};
		E7A232C91DC3802F0040C0B9 /* Debug */ = {
			isa = XCBuildConfiguration;
			buildSettings = {
				FRAMEWORK_SEARCH_PATHS = (
					"$(inherited)",
					"$(PROJECT_DIR)",
					"$(PROJECT_DIR)/AllPheriperalsCPP/Wrappers",
				);
				LD_RUNPATH_SEARCH_PATHS = "@executable_path";
				MACOSX_DEPLOYMENT_TARGET = 10.11;
				PRODUCT_NAME = "$(TARGET_NAME)";
			};
			name = Debug;
		};
		E7A232CA1DC3802F0040C0B9 /* Release */ = {
			isa = XCBuildConfiguration;
			buildSettings = {
				FRAMEWORK_SEARCH_PATHS = (
					"$(inherited)",
					"$(PROJECT_DIR)",
					"$(PROJECT_DIR)/AllPheriperalsCPP/Wrappers",
				);
				LD_RUNPATH_SEARCH_PATHS = "@executable_path";
				MACOSX_DEPLOYMENT_TARGET = 10.11;
				PRODUCT_NAME = "$(TARGET_NAME)";
			};
			name = Release;
		};
/* End XCBuildConfiguration section */

/* Begin XCConfigurationList section */
		E7A232BC1DC3802F0040C0B9 /* Build configuration list for PBXProject "AllPheriperalsCPP" */ = {
			isa = XCConfigurationList;
			buildConfigurations = (
				E7A232C61DC3802F0040C0B9 /* Debug */,
				E7A232C71DC3802F0040C0B9 /* Release */,
			);
			defaultConfigurationIsVisible = 0;
			defaultConfigurationName = Release;
		};
		E7A232C81DC3802F0040C0B9 /* Build configuration list for PBXNativeTarget "AllPheriperalsCPP" */ = {
			isa = XCConfigurationList;
			buildConfigurations = (
				E7A232C91DC3802F0040C0B9 /* Debug */,
				E7A232CA1DC3802F0040C0B9 /* Release */,
			);
			defaultConfigurationIsVisible = 0;
			defaultConfigurationName = Release;
		};
/* End XCConfigurationList section */
	};
	rootObject = E7A232B91DC3802F0040C0B9 /* Project object */;
}
